// !$*UTF8*$!
{
	archiveVersion = 1;
	classes = {
	};
	objectVersion = 56;
	objects = {

/* Begin PBXBuildFile section */
		9D2197F6298B20CE004EF4A5 /* AppDelegate.swift in Sources */ = {isa = PBXBuildFile; fileRef = 9D2197F5298B20CE004EF4A5 /* AppDelegate.swift */; };
		9D2197F8298B20CE004EF4A5 /* SceneDelegate.swift in Sources */ = {isa = PBXBuildFile; fileRef = 9D2197F7298B20CE004EF4A5 /* SceneDelegate.swift */; };
		9D2197FA298B20CE004EF4A5 /* ViewController.swift in Sources */ = {isa = PBXBuildFile; fileRef = 9D2197F9298B20CE004EF4A5 /* ViewController.swift */; };
		9D2197FD298B20CE004EF4A5 /* Main.storyboard in Resources */ = {isa = PBXBuildFile; fileRef = 9D2197FB298B20CE004EF4A5 /* Main.storyboard */; };
		9D2197FF298B20D0004EF4A5 /* Assets.xcassets in Resources */ = {isa = PBXBuildFile; fileRef = 9D2197FE298B20D0004EF4A5 /* Assets.xcassets */; };
		9D219802298B20D0004EF4A5 /* LaunchScreen.storyboard in Resources */ = {isa = PBXBuildFile; fileRef = 9D219800298B20D0004EF4A5 /* LaunchScreen.storyboard */; };
		9D21980D298B20D0004EF4A5 /* FlixterTests.swift in Sources */ = {isa = PBXBuildFile; fileRef = 9D21980C298B20D0004EF4A5 /* FlixterTests.swift */; };
		9D219817298B20D0004EF4A5 /* FlixterUITests.swift in Sources */ = {isa = PBXBuildFile; fileRef = 9D219816298B20D0004EF4A5 /* FlixterUITests.swift */; };
		9D219819298B20D0004EF4A5 /* FlixterUITestsLaunchTests.swift in Sources */ = {isa = PBXBuildFile; fileRef = 9D219818298B20D0004EF4A5 /* FlixterUITestsLaunchTests.swift */; };
		9D21982B298B243C004EF4A5 /* Nuke in Frameworks */ = {isa = PBXBuildFile; productRef = 9D21982A298B243C004EF4A5 /* Nuke */; };
		9D21982D298B2548004EF4A5 /* DetailViewController.swift in Sources */ = {isa = PBXBuildFile; fileRef = 9D21982C298B2548004EF4A5 /* DetailViewController.swift */; };
		9DC6F5BD298FCF880017A70C /* Movie.swift in Sources */ = {isa = PBXBuildFile; fileRef = 9DC6F5BC298FCF880017A70C /* Movie.swift */; };
		9DC6F5BF298FD58A0017A70C /* MovieCell.swift in Sources */ = {isa = PBXBuildFile; fileRef = 9DC6F5BE298FD5890017A70C /* MovieCell.swift */; };
		9DE0032E29943BA7004175BF /* PostersViewController.swift in Sources */ = {isa = PBXBuildFile; fileRef = 9DE0032D29943BA7004175BF /* PostersViewController.swift */; };
		9DE0033029943EE1004175BF /* Posters.swift in Sources */ = {isa = PBXBuildFile; fileRef = 9DE0032F29943EE1004175BF /* Posters.swift */; };
		9DE00334299442BA004175BF /* PosterCell.swift in Sources */ = {isa = PBXBuildFile; fileRef = 9DE00333299442BA004175BF /* PosterCell.swift */; };
/* End PBXBuildFile section */

/* Begin PBXContainerItemProxy section */
		9D219809298B20D0004EF4A5 /* PBXContainerItemProxy */ = {
			isa = PBXContainerItemProxy;
			containerPortal = 9D2197EA298B20CE004EF4A5 /* Project object */;
			proxyType = 1;
			remoteGlobalIDString = 9D2197F1298B20CE004EF4A5;
			remoteInfo = Flixter;
		};
		9D219813298B20D0004EF4A5 /* PBXContainerItemProxy */ = {
			isa = PBXContainerItemProxy;
			containerPortal = 9D2197EA298B20CE004EF4A5 /* Project object */;
			proxyType = 1;
			remoteGlobalIDString = 9D2197F1298B20CE004EF4A5;
			remoteInfo = Flixter;
		};
/* End PBXContainerItemProxy section */

/* Begin PBXFileReference section */
		9D2197F2298B20CE004EF4A5 /* Flixter.app */ = {isa = PBXFileReference; explicitFileType = wrapper.application; includeInIndex = 0; path = Flixter.app; sourceTree = BUILT_PRODUCTS_DIR; };
		9D2197F5298B20CE004EF4A5 /* AppDelegate.swift */ = {isa = PBXFileReference; lastKnownFileType = sourcecode.swift; path = AppDelegate.swift; sourceTree = "<group>"; };
		9D2197F7298B20CE004EF4A5 /* SceneDelegate.swift */ = {isa = PBXFileReference; lastKnownFileType = sourcecode.swift; path = SceneDelegate.swift; sourceTree = "<group>"; };
		9D2197F9298B20CE004EF4A5 /* ViewController.swift */ = {isa = PBXFileReference; lastKnownFileType = sourcecode.swift; path = ViewController.swift; sourceTree = "<group>"; };
		9D2197FC298B20CE004EF4A5 /* Base */ = {isa = PBXFileReference; lastKnownFileType = file.storyboard; name = Base; path = Base.lproj/Main.storyboard; sourceTree = "<group>"; };
		9D2197FE298B20D0004EF4A5 /* Assets.xcassets */ = {isa = PBXFileReference; lastKnownFileType = folder.assetcatalog; path = Assets.xcassets; sourceTree = "<group>"; };
		9D219801298B20D0004EF4A5 /* Base */ = {isa = PBXFileReference; lastKnownFileType = file.storyboard; name = Base; path = Base.lproj/LaunchScreen.storyboard; sourceTree = "<group>"; };
		9D219803298B20D0004EF4A5 /* Info.plist */ = {isa = PBXFileReference; lastKnownFileType = text.plist.xml; path = Info.plist; sourceTree = "<group>"; };
		9D219808298B20D0004EF4A5 /* FlixterTests.xctest */ = {isa = PBXFileReference; explicitFileType = wrapper.cfbundle; includeInIndex = 0; path = FlixterTests.xctest; sourceTree = BUILT_PRODUCTS_DIR; };
		9D21980C298B20D0004EF4A5 /* FlixterTests.swift */ = {isa = PBXFileReference; lastKnownFileType = sourcecode.swift; path = FlixterTests.swift; sourceTree = "<group>"; };
		9D219812298B20D0004EF4A5 /* FlixterUITests.xctest */ = {isa = PBXFileReference; explicitFileType = wrapper.cfbundle; includeInIndex = 0; path = FlixterUITests.xctest; sourceTree = BUILT_PRODUCTS_DIR; };
		9D219816298B20D0004EF4A5 /* FlixterUITests.swift */ = {isa = PBXFileReference; lastKnownFileType = sourcecode.swift; path = FlixterUITests.swift; sourceTree = "<group>"; };
		9D219818298B20D0004EF4A5 /* FlixterUITestsLaunchTests.swift */ = {isa = PBXFileReference; lastKnownFileType = sourcecode.swift; path = FlixterUITestsLaunchTests.swift; sourceTree = "<group>"; };
		9D21982C298B2548004EF4A5 /* DetailViewController.swift */ = {isa = PBXFileReference; lastKnownFileType = sourcecode.swift; path = DetailViewController.swift; sourceTree = "<group>"; };
		9DC6F5BC298FCF880017A70C /* Movie.swift */ = {isa = PBXFileReference; lastKnownFileType = sourcecode.swift; path = Movie.swift; sourceTree = "<group>"; };
		9DC6F5BE298FD5890017A70C /* MovieCell.swift */ = {isa = PBXFileReference; lastKnownFileType = sourcecode.swift; path = MovieCell.swift; sourceTree = "<group>"; };
		9DE0032D29943BA7004175BF /* PostersViewController.swift */ = {isa = PBXFileReference; lastKnownFileType = sourcecode.swift; path = PostersViewController.swift; sourceTree = "<group>"; };
		9DE0032F29943EE1004175BF /* Posters.swift */ = {isa = PBXFileReference; lastKnownFileType = sourcecode.swift; path = Posters.swift; sourceTree = "<group>"; };
		9DE00333299442BA004175BF /* PosterCell.swift */ = {isa = PBXFileReference; lastKnownFileType = sourcecode.swift; path = PosterCell.swift; sourceTree = "<group>"; };
/* End PBXFileReference section */

/* Begin PBXFrameworksBuildPhase section */
		9D2197EF298B20CE004EF4A5 /* Frameworks */ = {
			isa = PBXFrameworksBuildPhase;
			buildActionMask = 2147483647;
			files = (
				9D21982B298B243C004EF4A5 /* Nuke in Frameworks */,
			);
			runOnlyForDeploymentPostprocessing = 0;
		};
		9D219805298B20D0004EF4A5 /* Frameworks */ = {
			isa = PBXFrameworksBuildPhase;
			buildActionMask = 2147483647;
			files = (
			);
			runOnlyForDeploymentPostprocessing = 0;
		};
		9D21980F298B20D0004EF4A5 /* Frameworks */ = {
			isa = PBXFrameworksBuildPhase;
			buildActionMask = 2147483647;
			files = (
			);
			runOnlyForDeploymentPostprocessing = 0;
		};
/* End PBXFrameworksBuildPhase section */

/* Begin PBXGroup section */
		9D2197E9298B20CE004EF4A5 = {
			isa = PBXGroup;
			children = (
				9D2197F4298B20CE004EF4A5 /* Flixter */,
				9D21980B298B20D0004EF4A5 /* FlixterTests */,
				9D219815298B20D0004EF4A5 /* FlixterUITests */,
				9D2197F3298B20CE004EF4A5 /* Products */,
			);
			sourceTree = "<group>";
		};
		9D2197F3298B20CE004EF4A5 /* Products */ = {
			isa = PBXGroup;
			children = (
				9D2197F2298B20CE004EF4A5 /* Flixter.app */,
				9D219808298B20D0004EF4A5 /* FlixterTests.xctest */,
				9D219812298B20D0004EF4A5 /* FlixterUITests.xctest */,
			);
			name = Products;
			sourceTree = "<group>";
		};
		9D2197F4298B20CE004EF4A5 /* Flixter */ = {
			isa = PBXGroup;
			children = (
				9DC6F5BB298FCEE00017A70C /* Models */,
				9D2197F5298B20CE004EF4A5 /* AppDelegate.swift */,
				9D2197F7298B20CE004EF4A5 /* SceneDelegate.swift */,
				9D2197F9298B20CE004EF4A5 /* ViewController.swift */,
				9DE0032D29943BA7004175BF /* PostersViewController.swift */,
				9DC6F5BE298FD5890017A70C /* MovieCell.swift */,
				9D21982C298B2548004EF4A5 /* DetailViewController.swift */,
				9D2197FB298B20CE004EF4A5 /* Main.storyboard */,
				9DE00333299442BA004175BF /* PosterCell.swift */,
				9D2197FE298B20D0004EF4A5 /* Assets.xcassets */,
				9D219800298B20D0004EF4A5 /* LaunchScreen.storyboard */,
				9D219803298B20D0004EF4A5 /* Info.plist */,
			);
			path = Flixter;
			sourceTree = "<group>";
		};
		9D21980B298B20D0004EF4A5 /* FlixterTests */ = {
			isa = PBXGroup;
			children = (
				9D21980C298B20D0004EF4A5 /* FlixterTests.swift */,
			);
			path = FlixterTests;
			sourceTree = "<group>";
		};
		9D219815298B20D0004EF4A5 /* FlixterUITests */ = {
			isa = PBXGroup;
			children = (
				9D219816298B20D0004EF4A5 /* FlixterUITests.swift */,
				9D219818298B20D0004EF4A5 /* FlixterUITestsLaunchTests.swift */,
			);
			path = FlixterUITests;
			sourceTree = "<group>";
		};
		9DC6F5BB298FCEE00017A70C /* Models */ = {
			isa = PBXGroup;
			children = (
				9DC6F5BC298FCF880017A70C /* Movie.swift */,
				9DE0032F29943EE1004175BF /* Posters.swift */,
			);
			path = Models;
			sourceTree = "<group>";
		};
/* End PBXGroup section */

/* Begin PBXNativeTarget section */
		9D2197F1298B20CE004EF4A5 /* Flixter */ = {
			isa = PBXNativeTarget;
			buildConfigurationList = 9D21981C298B20D0004EF4A5 /* Build configuration list for PBXNativeTarget "Flixter" */;
			buildPhases = (
				9D2197EE298B20CE004EF4A5 /* Sources */,
				9D2197EF298B20CE004EF4A5 /* Frameworks */,
				9D2197F0298B20CE004EF4A5 /* Resources */,
			);
			buildRules = (
			);
			dependencies = (
			);
			name = Flixter;
			packageProductDependencies = (
				9D21982A298B243C004EF4A5 /* Nuke */,
			);
			productName = Flixter;
			productReference = 9D2197F2298B20CE004EF4A5 /* Flixter.app */;
			productType = "com.apple.product-type.application";
		};
		9D219807298B20D0004EF4A5 /* FlixterTests */ = {
			isa = PBXNativeTarget;
			buildConfigurationList = 9D21981F298B20D0004EF4A5 /* Build configuration list for PBXNativeTarget "FlixterTests" */;
			buildPhases = (
				9D219804298B20D0004EF4A5 /* Sources */,
				9D219805298B20D0004EF4A5 /* Frameworks */,
				9D219806298B20D0004EF4A5 /* Resources */,
			);
			buildRules = (
			);
			dependencies = (
				9D21980A298B20D0004EF4A5 /* PBXTargetDependency */,
			);
			name = FlixterTests;
			productName = FlixterTests;
			productReference = 9D219808298B20D0004EF4A5 /* FlixterTests.xctest */;
			productType = "com.apple.product-type.bundle.unit-test";
		};
		9D219811298B20D0004EF4A5 /* FlixterUITests */ = {
			isa = PBXNativeTarget;
			buildConfigurationList = 9D219822298B20D0004EF4A5 /* Build configuration list for PBXNativeTarget "FlixterUITests" */;
			buildPhases = (
				9D21980E298B20D0004EF4A5 /* Sources */,
				9D21980F298B20D0004EF4A5 /* Frameworks */,
				9D219810298B20D0004EF4A5 /* Resources */,
			);
			buildRules = (
			);
			dependencies = (
				9D219814298B20D0004EF4A5 /* PBXTargetDependency */,
			);
			name = FlixterUITests;
			productName = FlixterUITests;
			productReference = 9D219812298B20D0004EF4A5 /* FlixterUITests.xctest */;
			productType = "com.apple.product-type.bundle.ui-testing";
		};
/* End PBXNativeTarget section */

/* Begin PBXProject section */
		9D2197EA298B20CE004EF4A5 /* Project object */ = {
			isa = PBXProject;
			attributes = {
				BuildIndependentTargetsInParallel = 1;
				LastSwiftUpdateCheck = 1420;
				LastUpgradeCheck = 1420;
				TargetAttributes = {
					9D2197F1298B20CE004EF4A5 = {
						CreatedOnToolsVersion = 14.2;
					};
					9D219807298B20D0004EF4A5 = {
						CreatedOnToolsVersion = 14.2;
						TestTargetID = 9D2197F1298B20CE004EF4A5;
					};
					9D219811298B20D0004EF4A5 = {
						CreatedOnToolsVersion = 14.2;
						TestTargetID = 9D2197F1298B20CE004EF4A5;
					};
				};
			};
			buildConfigurationList = 9D2197ED298B20CE004EF4A5 /* Build configuration list for PBXProject "Flixter" */;
			compatibilityVersion = "Xcode 14.0";
			developmentRegion = en;
			hasScannedForEncodings = 0;
			knownRegions = (
				en,
				Base,
			);
			mainGroup = 9D2197E9298B20CE004EF4A5;
			packageReferences = (
				9D219829298B243C004EF4A5 /* XCRemoteSwiftPackageReference "Nuke" */,
			);
			productRefGroup = 9D2197F3298B20CE004EF4A5 /* Products */;
			projectDirPath = "";
			projectRoot = "";
			targets = (
				9D2197F1298B20CE004EF4A5 /* Flixter */,
				9D219807298B20D0004EF4A5 /* FlixterTests */,
				9D219811298B20D0004EF4A5 /* FlixterUITests */,
			);
		};
/* End PBXProject section */

/* Begin PBXResourcesBuildPhase section */
		9D2197F0298B20CE004EF4A5 /* Resources */ = {
			isa = PBXResourcesBuildPhase;
			buildActionMask = 2147483647;
			files = (
				9D219802298B20D0004EF4A5 /* LaunchScreen.storyboard in Resources */,
				9D2197FF298B20D0004EF4A5 /* Assets.xcassets in Resources */,
				9D2197FD298B20CE004EF4A5 /* Main.storyboard in Resources */,
			);
			runOnlyForDeploymentPostprocessing = 0;
		};
		9D219806298B20D0004EF4A5 /* Resources */ = {
			isa = PBXResourcesBuildPhase;
			buildActionMask = 2147483647;
			files = (
			);
			runOnlyForDeploymentPostprocessing = 0;
		};
		9D219810298B20D0004EF4A5 /* Resources */ = {
			isa = PBXResourcesBuildPhase;
			buildActionMask = 2147483647;
			files = (
			);
			runOnlyForDeploymentPostprocessing = 0;
		};
/* End PBXResourcesBuildPhase section */

/* Begin PBXSourcesBuildPhase section */
		9D2197EE298B20CE004EF4A5 /* Sources */ = {
			isa = PBXSourcesBuildPhase;
			buildActionMask = 2147483647;
			files = (
				9DE0033029943EE1004175BF /* Posters.swift in Sources */,
				9D2197FA298B20CE004EF4A5 /* ViewController.swift in Sources */,
				9DE00334299442BA004175BF /* PosterCell.swift in Sources */,
				9D2197F6298B20CE004EF4A5 /* AppDelegate.swift in Sources */,
				9DC6F5BF298FD58A0017A70C /* MovieCell.swift in Sources */,
				9D2197F8298B20CE004EF4A5 /* SceneDelegate.swift in Sources */,
				9D21982D298B2548004EF4A5 /* DetailViewController.swift in Sources */,
				9DE0032E29943BA7004175BF /* PostersViewController.swift in Sources */,
				9DC6F5BD298FCF880017A70C /* Movie.swift in Sources */,
			);
			runOnlyForDeploymentPostprocessing = 0;
		};
		9D219804298B20D0004EF4A5 /* Sources */ = {
			isa = PBXSourcesBuildPhase;
			buildActionMask = 2147483647;
			files = (
				9D21980D298B20D0004EF4A5 /* FlixterTests.swift in Sources */,
			);
			runOnlyForDeploymentPostprocessing = 0;
		};
		9D21980E298B20D0004EF4A5 /* Sources */ = {
			isa = PBXSourcesBuildPhase;
			buildActionMask = 2147483647;
			files = (
				9D219817298B20D0004EF4A5 /* FlixterUITests.swift in Sources */,
				9D219819298B20D0004EF4A5 /* FlixterUITestsLaunchTests.swift in Sources */,
			);
			runOnlyForDeploymentPostprocessing = 0;
		};
/* End PBXSourcesBuildPhase section */

/* Begin PBXTargetDependency section */
		9D21980A298B20D0004EF4A5 /* PBXTargetDependency */ = {
			isa = PBXTargetDependency;
			target = 9D2197F1298B20CE004EF4A5 /* Flixter */;
			targetProxy = 9D219809298B20D0004EF4A5 /* PBXContainerItemProxy */;
		};
		9D219814298B20D0004EF4A5 /* PBXTargetDependency */ = {
			isa = PBXTargetDependency;
			target = 9D2197F1298B20CE004EF4A5 /* Flixter */;
			targetProxy = 9D219813298B20D0004EF4A5 /* PBXContainerItemProxy */;
		};
/* End PBXTargetDependency section */

/* Begin PBXVariantGroup section */
		9D2197FB298B20CE004EF4A5 /* Main.storyboard */ = {
			isa = PBXVariantGroup;
			children = (
				9D2197FC298B20CE004EF4A5 /* Base */,
			);
			name = Main.storyboard;
			sourceTree = "<group>";
		};
		9D219800298B20D0004EF4A5 /* LaunchScreen.storyboard */ = {
			isa = PBXVariantGroup;
			children = (
				9D219801298B20D0004EF4A5 /* Base */,
			);
			name = LaunchScreen.storyboard;
			sourceTree = "<group>";
		};
/* End PBXVariantGroup section */

/* Begin XCBuildConfiguration section */
		9D21981A298B20D0004EF4A5 /* Debug */ = {
			isa = XCBuildConfiguration;
			buildSettings = {
				ALWAYS_SEARCH_USER_PATHS = NO;
				CLANG_ANALYZER_NONNULL = YES;
				CLANG_ANALYZER_NUMBER_OBJECT_CONVERSION = YES_AGGRESSIVE;
				CLANG_CXX_LANGUAGE_STANDARD = "gnu++20";
				CLANG_ENABLE_MODULES = YES;
				CLANG_ENABLE_OBJC_ARC = YES;
				CLANG_ENABLE_OBJC_WEAK = YES;
				CLANG_WARN_BLOCK_CAPTURE_AUTORELEASING = YES;
				CLANG_WARN_BOOL_CONVERSION = YES;
				CLANG_WARN_COMMA = YES;
				CLANG_WARN_CONSTANT_CONVERSION = YES;
				CLANG_WARN_DEPRECATED_OBJC_IMPLEMENTATIONS = YES;
				CLANG_WARN_DIRECT_OBJC_ISA_USAGE = YES_ERROR;
				CLANG_WARN_DOCUMENTATION_COMMENTS = YES;
				CLANG_WARN_EMPTY_BODY = YES;
				CLANG_WARN_ENUM_CONVERSION = YES;
				CLANG_WARN_INFINITE_RECURSION = YES;
				CLANG_WARN_INT_CONVERSION = YES;
				CLANG_WARN_NON_LITERAL_NULL_CONVERSION = YES;
				CLANG_WARN_OBJC_IMPLICIT_RETAIN_SELF = YES;
				CLANG_WARN_OBJC_LITERAL_CONVERSION = YES;
				CLANG_WARN_OBJC_ROOT_CLASS = YES_ERROR;
				CLANG_WARN_QUOTED_INCLUDE_IN_FRAMEWORK_HEADER = YES;
				CLANG_WARN_RANGE_LOOP_ANALYSIS = YES;
				CLANG_WARN_STRICT_PROTOTYPES = YES;
				CLANG_WARN_SUSPICIOUS_MOVE = YES;
				CLANG_WARN_UNGUARDED_AVAILABILITY = YES_AGGRESSIVE;
				CLANG_WARN_UNREACHABLE_CODE = YES;
				CLANG_WARN__DUPLICATE_METHOD_MATCH = YES;
				COPY_PHASE_STRIP = NO;
				DEBUG_INFORMATION_FORMAT = dwarf;
				ENABLE_STRICT_OBJC_MSGSEND = YES;
				ENABLE_TESTABILITY = YES;
				GCC_C_LANGUAGE_STANDARD = gnu11;
				GCC_DYNAMIC_NO_PIC = NO;
				GCC_NO_COMMON_BLOCKS = YES;
				GCC_OPTIMIZATION_LEVEL = 0;
				GCC_PREPROCESSOR_DEFINITIONS = (
					"DEBUG=1",
					"$(inherited)",
				);
				GCC_WARN_64_TO_32_BIT_CONVERSION = YES;
				GCC_WARN_ABOUT_RETURN_TYPE = YES_ERROR;
				GCC_WARN_UNDECLARED_SELECTOR = YES;
				GCC_WARN_UNINITIALIZED_AUTOS = YES_AGGRESSIVE;
				GCC_WARN_UNUSED_FUNCTION = YES;
				GCC_WARN_UNUSED_VARIABLE = YES;
				IPHONEOS_DEPLOYMENT_TARGET = 16.2;
				MTL_ENABLE_DEBUG_INFO = INCLUDE_SOURCE;
				MTL_FAST_MATH = YES;
				ONLY_ACTIVE_ARCH = YES;
				SDKROOT = iphoneos;
				SWIFT_ACTIVE_COMPILATION_CONDITIONS = DEBUG;
				SWIFT_OPTIMIZATION_LEVEL = "-Onone";
			};
			name = Debug;
		};
		9D21981B298B20D0004EF4A5 /* Release */ = {
			isa = XCBuildConfiguration;
			buildSettings = {
				ALWAYS_SEARCH_USER_PATHS = NO;
				CLANG_ANALYZER_NONNULL = YES;
				CLANG_ANALYZER_NUMBER_OBJECT_CONVERSION = YES_AGGRESSIVE;
				CLANG_CXX_LANGUAGE_STANDARD = "gnu++20";
				CLANG_ENABLE_MODULES = YES;
				CLANG_ENABLE_OBJC_ARC = YES;
				CLANG_ENABLE_OBJC_WEAK = YES;
				CLANG_WARN_BLOCK_CAPTURE_AUTORELEASING = YES;
				CLANG_WARN_BOOL_CONVERSION = YES;
				CLANG_WARN_COMMA = YES;
				CLANG_WARN_CONSTANT_CONVERSION = YES;
				CLANG_WARN_DEPRECATED_OBJC_IMPLEMENTATIONS = YES;
				CLANG_WARN_DIRECT_OBJC_ISA_USAGE = YES_ERROR;
				CLANG_WARN_DOCUMENTATION_COMMENTS = YES;
				CLANG_WARN_EMPTY_BODY = YES;
				CLANG_WARN_ENUM_CONVERSION = YES;
				CLANG_WARN_INFINITE_RECURSION = YES;
				CLANG_WARN_INT_CONVERSION = YES;
				CLANG_WARN_NON_LITERAL_NULL_CONVERSION = YES;
				CLANG_WARN_OBJC_IMPLICIT_RETAIN_SELF = YES;
				CLANG_WARN_OBJC_LITERAL_CONVERSION = YES;
				CLANG_WARN_OBJC_ROOT_CLASS = YES_ERROR;
				CLANG_WARN_QUOTED_INCLUDE_IN_FRAMEWORK_HEADER = YES;
				CLANG_WARN_RANGE_LOOP_ANALYSIS = YES;
				CLANG_WARN_STRICT_PROTOTYPES = YES;
				CLANG_WARN_SUSPICIOUS_MOVE = YES;
				CLANG_WARN_UNGUARDED_AVAILABILITY = YES_AGGRESSIVE;
				CLANG_WARN_UNREACHABLE_CODE = YES;
				CLANG_WARN__DUPLICATE_METHOD_MATCH = YES;
				COPY_PHASE_STRIP = NO;
				DEBUG_INFORMATION_FORMAT = "dwarf-with-dsym";
				ENABLE_NS_ASSERTIONS = NO;
				ENABLE_STRICT_OBJC_MSGSEND = YES;
				GCC_C_LANGUAGE_STANDARD = gnu11;
				GCC_NO_COMMON_BLOCKS = YES;
				GCC_WARN_64_TO_32_BIT_CONVERSION = YES;
				GCC_WARN_ABOUT_RETURN_TYPE = YES_ERROR;
				GCC_WARN_UNDECLARED_SELECTOR = YES;
				GCC_WARN_UNINITIALIZED_AUTOS = YES_AGGRESSIVE;
				GCC_WARN_UNUSED_FUNCTION = YES;
				GCC_WARN_UNUSED_VARIABLE = YES;
				IPHONEOS_DEPLOYMENT_TARGET = 16.2;
				MTL_ENABLE_DEBUG_INFO = NO;
				MTL_FAST_MATH = YES;
				SDKROOT = iphoneos;
				SWIFT_COMPILATION_MODE = wholemodule;
				SWIFT_OPTIMIZATION_LEVEL = "-O";
				VALIDATE_PRODUCT = YES;
			};
			name = Release;
		};
		9D21981D298B20D0004EF4A5 /* Debug */ = {
			isa = XCBuildConfiguration;
			buildSettings = {
				ASSETCATALOG_COMPILER_APPICON_NAME = AppIcon;
				ASSETCATALOG_COMPILER_GLOBAL_ACCENT_COLOR_NAME = AccentColor;
				CODE_SIGN_STYLE = Automatic;
				CURRENT_PROJECT_VERSION = 1;
				GENERATE_INFOPLIST_FILE = YES;
				INFOPLIST_FILE = Flixter/Info.plist;
				INFOPLIST_KEY_UIApplicationSupportsIndirectInputEvents = YES;
				INFOPLIST_KEY_UILaunchStoryboardName = LaunchScreen;
				INFOPLIST_KEY_UIMainStoryboardFile = Main;
				INFOPLIST_KEY_UISupportedInterfaceOrientations_iPad = "UIInterfaceOrientationPortrait UIInterfaceOrientationPortraitUpsideDown UIInterfaceOrientationLandscapeLeft UIInterfaceOrientationLandscapeRight";
				INFOPLIST_KEY_UISupportedInterfaceOrientations_iPhone = "UIInterfaceOrientationPortrait UIInterfaceOrientationLandscapeLeft UIInterfaceOrientationLandscapeRight";
				LD_RUNPATH_SEARCH_PATHS = (
					"$(inherited)",
					"@executable_path/Frameworks",
				);
				MARKETING_VERSION = 1.0;
				PRODUCT_BUNDLE_IDENTIFIER = com.ashley.Flixter;
				PRODUCT_NAME = "$(TARGET_NAME)";
				SWIFT_EMIT_LOC_STRINGS = YES;
				SWIFT_VERSION = 5.0;
				TARGETED_DEVICE_FAMILY = "1,2";
			};
			name = Debug;
		};
		9D21981E298B20D0004EF4A5 /* Release */ = {
			isa = XCBuildConfiguration;
			buildSettings = {
				ASSETCATALOG_COMPILER_APPICON_NAME = AppIcon;
				ASSETCATALOG_COMPILER_GLOBAL_ACCENT_COLOR_NAME = AccentColor;
				CODE_SIGN_STYLE = Automatic;
				CURRENT_PROJECT_VERSION = 1;
				GENERATE_INFOPLIST_FILE = YES;
				INFOPLIST_FILE = Flixter/Info.plist;
				INFOPLIST_KEY_UIApplicationSupportsIndirectInputEvents = YES;
				INFOPLIST_KEY_UILaunchStoryboardName = LaunchScreen;
				INFOPLIST_KEY_UIMainStoryboardFile = Main;
				INFOPLIST_KEY_UISupportedInterfaceOrientations_iPad = "UIInterfaceOrientationPortrait UIInterfaceOrientationPortraitUpsideDown UIInterfaceOrientationLandscapeLeft UIInterfaceOrientationLandscapeRight";
				INFOPLIST_KEY_UISupportedInterfaceOrientations_iPhone = "UIInterfaceOrientationPortrait UIInterfaceOrientationLandscapeLeft UIInterfaceOrientationLandscapeRight";
				LD_RUNPATH_SEARCH_PATHS = (
					"$(inherited)",
					"@executable_path/Frameworks",
				);
				MARKETING_VERSION = 1.0;
				PRODUCT_BUNDLE_IDENTIFIER = com.ashley.Flixter;
				PRODUCT_NAME = "$(TARGET_NAME)";
				SWIFT_EMIT_LOC_STRINGS = YES;
				SWIFT_VERSION = 5.0;
				TARGETED_DEVICE_FAMILY = "1,2";
			};
			name = Release;
		};
		9D219820298B20D0004EF4A5 /* Debug */ = {
			isa = XCBuildConfiguration;
			buildSettings = {
				ALWAYS_EMBED_SWIFT_STANDARD_LIBRARIES = YES;
				BUNDLE_LOADER = "$(TEST_HOST)";
				CODE_SIGN_STYLE = Automatic;
				CURRENT_PROJECT_VERSION = 1;
				GENERATE_INFOPLIST_FILE = YES;
				IPHONEOS_DEPLOYMENT_TARGET = 16.2;
				MARKETING_VERSION = 1.0;
				PRODUCT_BUNDLE_IDENTIFIER = com.ashley.FlixterTests;
				PRODUCT_NAME = "$(TARGET_NAME)";
				SWIFT_EMIT_LOC_STRINGS = NO;
				SWIFT_VERSION = 5.0;
				TARGETED_DEVICE_FAMILY = "1,2";
				TEST_HOST = "$(BUILT_PRODUCTS_DIR)/Flixter.app/$(BUNDLE_EXECUTABLE_FOLDER_PATH)/Flixter";
			};
			name = Debug;
		};
		9D219821298B20D0004EF4A5 /* Release */ = {
			isa = XCBuildConfiguration;
			buildSettings = {
				ALWAYS_EMBED_SWIFT_STANDARD_LIBRARIES = YES;
				BUNDLE_LOADER = "$(TEST_HOST)";
				CODE_SIGN_STYLE = Automatic;
				CURRENT_PROJECT_VERSION = 1;
				GENERATE_INFOPLIST_FILE = YES;
				IPHONEOS_DEPLOYMENT_TARGET = 16.2;
				MARKETING_VERSION = 1.0;
				PRODUCT_BUNDLE_IDENTIFIER = com.ashley.FlixterTests;
				PRODUCT_NAME = "$(TARGET_NAME)";
				SWIFT_EMIT_LOC_STRINGS = NO;
				SWIFT_VERSION = 5.0;
				TARGETED_DEVICE_FAMILY = "1,2";
				TEST_HOST = "$(BUILT_PRODUCTS_DIR)/Flixter.app/$(BUNDLE_EXECUTABLE_FOLDER_PATH)/Flixter";
			};
			name = Release;
		};
		9D219823298B20D0004EF4A5 /* Debug */ = {
			isa = XCBuildConfiguration;
			buildSettings = {
				ALWAYS_EMBED_SWIFT_STANDARD_LIBRARIES = YES;
				CODE_SIGN_STYLE = Automatic;
				CURRENT_PROJECT_VERSION = 1;
				GENERATE_INFOPLIST_FILE = YES;
				MARKETING_VERSION = 1.0;
				PRODUCT_BUNDLE_IDENTIFIER = com.ashley.FlixterUITests;
				PRODUCT_NAME = "$(TARGET_NAME)";
				SWIFT_EMIT_LOC_STRINGS = NO;
				SWIFT_VERSION = 5.0;
				TARGETED_DEVICE_FAMILY = "1,2";
				TEST_TARGET_NAME = Flixter;
			};
			name = Debug;
		};
		9D219824298B20D0004EF4A5 /* Release */ = {
			isa = XCBuildConfiguration;
			buildSettings = {
				ALWAYS_EMBED_SWIFT_STANDARD_LIBRARIES = YES;
				CODE_SIGN_STYLE = Automatic;
				CURRENT_PROJECT_VERSION = 1;
				GENERATE_INFOPLIST_FILE = YES;
				MARKETING_VERSION = 1.0;
				PRODUCT_BUNDLE_IDENTIFIER = com.ashley.FlixterUITests;
				PRODUCT_NAME = "$(TARGET_NAME)";
				SWIFT_EMIT_LOC_STRINGS = NO;
				SWIFT_VERSION = 5.0;
				TARGETED_DEVICE_FAMILY = "1,2";
				TEST_TARGET_NAME = Flixter;
			};
			name = Release;
		};
/* End XCBuildConfiguration section */

/* Begin XCConfigurationList section */
		9D2197ED298B20CE004EF4A5 /* Build configuration list for PBXProject "Flixter" */ = {
			isa = XCConfigurationList;
			buildConfigurations = (
				9D21981A298B20D0004EF4A5 /* Debug */,
				9D21981B298B20D0004EF4A5 /* Release */,
			);
			defaultConfigurationIsVisible = 0;
			defaultConfigurationName = Release;
		};
		9D21981C298B20D0004EF4A5 /* Build configuration list for PBXNativeTarget "Flixter" */ = {
			isa = XCConfigurationList;
			buildConfigurations = (
				9D21981D298B20D0004EF4A5 /* Debug */,
				9D21981E298B20D0004EF4A5 /* Release */,
			);
			defaultConfigurationIsVisible = 0;
			defaultConfigurationName = Release;
		};
		9D21981F298B20D0004EF4A5 /* Build configuration list for PBXNativeTarget "FlixterTests" */ = {
			isa = XCConfigurationList;
			buildConfigurations = (
				9D219820298B20D0004EF4A5 /* Debug */,
				9D219821298B20D0004EF4A5 /* Release */,
			);
			defaultConfigurationIsVisible = 0;
			defaultConfigurationName = Release;
		};
		9D219822298B20D0004EF4A5 /* Build configuration list for PBXNativeTarget "FlixterUITests" */ = {
			isa = XCConfigurationList;
			buildConfigurations = (
				9D219823298B20D0004EF4A5 /* Debug */,
				9D219824298B20D0004EF4A5 /* Release */,
			);
			defaultConfigurationIsVisible = 0;
			defaultConfigurationName = Release;
		};
/* End XCConfigurationList section */

/* Begin XCRemoteSwiftPackageReference section */
		9D219829298B243C004EF4A5 /* XCRemoteSwiftPackageReference "Nuke" */ = {
			isa = XCRemoteSwiftPackageReference;
			repositoryURL = "https://github.com/kean/Nuke.git";
			requirement = {
				kind = upToNextMajorVersion;
				minimumVersion = 9.0.0;
			};
		};
/* End XCRemoteSwiftPackageReference section */

/* Begin XCSwiftPackageProductDependency section */
		9D21982A298B243C004EF4A5 /* Nuke */ = {
			isa = XCSwiftPackageProductDependency;
			package = 9D219829298B243C004EF4A5 /* XCRemoteSwiftPackageReference "Nuke" */;
			productName = Nuke;
		};
/* End XCSwiftPackageProductDependency section */
	};
	rootObject = 9D2197EA298B20CE004EF4A5 /* Project object */;
}
